
Microsoft Visual Studio Solution File, Format Version 12.00
# Visual Studio 15
VisualStudioVersion = 15.0.28307.271
MinimumVisualStudioVersion = 10.0.40219.1
Project("{9A19103F-16F7-4668-BE54-9A1E7A4F7556}") = "ProjetoAsp", "ProjetoAsp\ProjetoAsp.csproj", "{CF7E31CA-7E1E-48D8-B7F7-8DD41B48C88A}"
EndProject
Global
	GlobalSection(SolutionConfigurationPlatforms) = preSolution
		Debug|Any CPU = Debug|Any CPU
		Release|Any CPU = Release|Any CPU
	EndGlobalSection
	GlobalSection(ProjectConfigurationPlatforms) = postSolution
		{CF7E31CA-7E1E-48D8-B7F7-8DD41B48C88A}.Debug|Any CPU.ActiveCfg = Debug|Any CPU
		{CF7E31CA-7E1E-48D8-B7F7-8DD41B48C88A}.Debug|Any CPU.Build.0 = Debug|Any CPU
		{CF7E31CA-7E1E-48D8-B7F7-8DD41B48C88A}.Release|Any CPU.ActiveCfg = Release|Any CPU
		{CF7E31CA-7E1E-48D8-B7F7-8DD41B48C88A}.Release|Any CPU.Build.0 = Release|Any CPU
	EndGlobalSection
	GlobalSection(SolutionProperties) = preSolution
		HideSolutionNode = FALSE
	EndGlobalSection
	GlobalSection(ExtensibilityGlobals) = postSolution
		SolutionGuid = {9318D88A-EB2B-45DB-96E1-B2A03CF4A797}
	EndGlobalSection
EndGlobal
